
Microsoft Visual Studio Solution File, Format Version 12.00
# Visual Studio 15
VisualStudioVersion = 15.0.28307.779
MinimumVisualStudioVersion = 10.0.40219.1
Project("{FAE04EC0-301F-11D3-BF4B-00C04F79EFBC}") = "InventorySystem", "InventorySystem\InventorySystem.csproj", "{36AB6E36-2743-4E8F-87B4-7DA82594DF3A}"
EndProject
Project("{FAE04EC0-301F-11D3-BF4B-00C04F79EFBC}") = "InventorySystem.Contract", "InventorySystem.Contract\InventorySystem.Contract.csproj", "{07729941-4E89-4776-AC09-91F3A6FD872B}"
EndProject
Project("{FAE04EC0-301F-11D3-BF4B-00C04F79EFBC}") = "InventorySystem.DataAccess", "InventorySystem.DataAccess\InventorySystem.DataAccess.csproj", "{98BA231F-9401-424A-9280-5435B6819C59}"
EndProject
Project("{FAE04EC0-301F-11D3-BF4B-00C04F79EFBC}") = "InventorySystem.Manager", "InventorySystem.Manager\InventorySystem.Manager.csproj", "{94484310-D3F0-4BDE-9883-78B363476059}"
EndProject
Project("{FAE04EC0-301F-11D3-BF4B-00C04F79EFBC}") = "InventorySystem.Core", "InventorySystem.Core\InventorySystem.Core.csproj", "{98092816-7DDC-45FD-88ED-C1D8A25DCC08}"
EndProject
Project("{54435603-DBB4-11D2-8724-00A0C9A8B90C}") = "Installer", "Installer\Installer.vdproj", "{9076959A-D760-42BF-87A7-865A57EBC128}"
EndProject
Project("{FAE04EC0-301F-11D3-BF4B-00C04F79EFBC}") = "InventorySystem.WebApi", "InventorySystem.WebApi\InventorySystem.WebApi.csproj", "{EB847D35-186F-4F87-BA9E-B02D5D68315B}"
EndProject
Project("{FAE04EC0-301F-11D3-BF4B-00C04F79EFBC}") = "InventorySystem.Api", "InventorySystem.Api\InventorySystem.Api.csproj", "{62ECD251-CC8A-4B59-B9D5-44AF513BD93C}"
EndProject
Global
	GlobalSection(SolutionConfigurationPlatforms) = preSolution
		Debug|Any CPU = Debug|Any CPU
		Release|Any CPU = Release|Any CPU
	EndGlobalSection
	GlobalSection(ProjectConfigurationPlatforms) = postSolution
		{36AB6E36-2743-4E8F-87B4-7DA82594DF3A}.Debug|Any CPU.ActiveCfg = Debug|Any CPU
		{36AB6E36-2743-4E8F-87B4-7DA82594DF3A}.Debug|Any CPU.Build.0 = Debug|Any CPU
		{36AB6E36-2743-4E8F-87B4-7DA82594DF3A}.Release|Any CPU.ActiveCfg = Release|Any CPU
		{36AB6E36-2743-4E8F-87B4-7DA82594DF3A}.Release|Any CPU.Build.0 = Release|Any CPU
		{07729941-4E89-4776-AC09-91F3A6FD872B}.Debug|Any CPU.ActiveCfg = Debug|Any CPU
		{07729941-4E89-4776-AC09-91F3A6FD872B}.Debug|Any CPU.Build.0 = Debug|Any CPU
		{07729941-4E89-4776-AC09-91F3A6FD872B}.Release|Any CPU.ActiveCfg = Release|Any CPU
		{07729941-4E89-4776-AC09-91F3A6FD872B}.Release|Any CPU.Build.0 = Release|Any CPU
		{98BA231F-9401-424A-9280-5435B6819C59}.Debug|Any CPU.ActiveCfg = Debug|Any CPU
		{98BA231F-9401-424A-9280-5435B6819C59}.Debug|Any CPU.Build.0 = Debug|Any CPU
		{98BA231F-9401-424A-9280-5435B6819C59}.Release|Any CPU.ActiveCfg = Release|Any CPU
		{98BA231F-9401-424A-9280-5435B6819C59}.Release|Any CPU.Build.0 = Release|Any CPU
		{94484310-D3F0-4BDE-9883-78B363476059}.Debug|Any CPU.ActiveCfg = Debug|Any CPU
		{94484310-D3F0-4BDE-9883-78B363476059}.Debug|Any CPU.Build.0 = Debug|Any CPU
		{94484310-D3F0-4BDE-9883-78B363476059}.Release|Any CPU.ActiveCfg = Release|Any CPU
		{94484310-D3F0-4BDE-9883-78B363476059}.Release|Any CPU.Build.0 = Release|Any CPU
		{98092816-7DDC-45FD-88ED-C1D8A25DCC08}.Debug|Any CPU.ActiveCfg = Debug|Any CPU
		{98092816-7DDC-45FD-88ED-C1D8A25DCC08}.Debug|Any CPU.Build.0 = Debug|Any CPU
		{98092816-7DDC-45FD-88ED-C1D8A25DCC08}.Release|Any CPU.ActiveCfg = Release|Any CPU
		{98092816-7DDC-45FD-88ED-C1D8A25DCC08}.Release|Any CPU.Build.0 = Release|Any CPU
		{9076959A-D760-42BF-87A7-865A57EBC128}.Debug|Any CPU.ActiveCfg = Debug
		{9076959A-D760-42BF-87A7-865A57EBC128}.Release|Any CPU.ActiveCfg = Release
		{EB847D35-186F-4F87-BA9E-B02D5D68315B}.Debug|Any CPU.ActiveCfg = Debug|Any CPU
		{EB847D35-186F-4F87-BA9E-B02D5D68315B}.Debug|Any CPU.Build.0 = Debug|Any CPU
		{EB847D35-186F-4F87-BA9E-B02D5D68315B}.Release|Any CPU.ActiveCfg = Release|Any CPU
		{EB847D35-186F-4F87-BA9E-B02D5D68315B}.Release|Any CPU.Build.0 = Release|Any CPU
		{62ECD251-CC8A-4B59-B9D5-44AF513BD93C}.Debug|Any CPU.ActiveCfg = Debug|Any CPU
		{62ECD251-CC8A-4B59-B9D5-44AF513BD93C}.Debug|Any CPU.Build.0 = Debug|Any CPU
		{62ECD251-CC8A-4B59-B9D5-44AF513BD93C}.Release|Any CPU.ActiveCfg = Release|Any CPU
		{62ECD251-CC8A-4B59-B9D5-44AF513BD93C}.Release|Any CPU.Build.0 = Release|Any CPU
	EndGlobalSection
	GlobalSection(SolutionProperties) = preSolution
		HideSolutionNode = FALSE
	EndGlobalSection
	GlobalSection(ExtensibilityGlobals) = postSolution
		SolutionGuid = {26430926-468F-475B-8B3E-9219C90202CE}
	EndGlobalSection
EndGlobal
